// !$*UTF8*$!
{
	archiveVersion = 1;
	classes = {
	};
	objectVersion = 50;
	objects = {

/* Begin PBXBuildFile section */
		CF09900B20E541EB00A4B3E6 /* AppDelegate.m in Sources */ = {isa = PBXBuildFile; fileRef = CF09900A20E541EB00A4B3E6 /* AppDelegate.m */; };
		CF09900E20E541EB00A4B3E6 /* ViewController.m in Sources */ = {isa = PBXBuildFile; fileRef = CF09900D20E541EB00A4B3E6 /* ViewController.m */; };
		CF09901120E541EB00A4B3E6 /* Main.storyboard in Resources */ = {isa = PBXBuildFile; fileRef = CF09900F20E541EB00A4B3E6 /* Main.storyboard */; };
		CF09901320E541ED00A4B3E6 /* Assets.xcassets in Resources */ = {isa = PBXBuildFile; fileRef = CF09901220E541ED00A4B3E6 /* Assets.xcassets */; };
		CF09901620E541ED00A4B3E6 /* LaunchScreen.storyboard in Resources */ = {isa = PBXBuildFile; fileRef = CF09901420E541ED00A4B3E6 /* LaunchScreen.storyboard */; };
		CF09901920E541ED00A4B3E6 /* main.m in Sources */ = {isa = PBXBuildFile; fileRef = CF09901820E541ED00A4B3E6 /* main.m */; };
		CF09902320E541ED00A4B3E6 /* SPSmartTableUITests.m in Sources */ = {isa = PBXBuildFile; fileRef = CF09902220E541ED00A4B3E6 /* SPSmartTableUITests.m */; };
		CF09903620E5421800A4B3E6 /* SPSmartTableFramework.h in Headers */ = {isa = PBXBuildFile; fileRef = CF09903420E5421700A4B3E6 /* SPSmartTableFramework.h */; settings = {ATTRIBUTES = (Public, ); }; };
		CF09903920E5421800A4B3E6 /* SPSmartTableFramework.framework in Frameworks */ = {isa = PBXBuildFile; fileRef = CF09903220E5421700A4B3E6 /* SPSmartTableFramework.framework */; };
		CF09903A20E5421800A4B3E6 /* SPSmartTableFramework.framework in Embed Frameworks */ = {isa = PBXBuildFile; fileRef = CF09903220E5421700A4B3E6 /* SPSmartTableFramework.framework */; settings = {ATTRIBUTES = (CodeSignOnCopy, RemoveHeadersOnCopy, ); }; };
		CF09905120E5426C00A4B3E6 /* SPSmartTable.m in Sources */ = {isa = PBXBuildFile; fileRef = CF09904020E5426C00A4B3E6 /* SPSmartTable.m */; };
		CF09905220E5426C00A4B3E6 /* PropertyForKeyPathRules.plist in Resources */ = {isa = PBXBuildFile; fileRef = CF09904220E5426C00A4B3E6 /* PropertyForKeyPathRules.plist */; };
		CF09905320E5426C00A4B3E6 /* NSObject+Helper.m in Sources */ = {isa = PBXBuildFile; fileRef = CF09904420E5426C00A4B3E6 /* NSObject+Helper.m */; };
		CF09905420E5426C00A4B3E6 /* SPSmartTableViewCell.m in Sources */ = {isa = PBXBuildFile; fileRef = CF09904720E5426C00A4B3E6 /* SPSmartTableViewCell.m */; };
		CF09905520E5426C00A4B3E6 /* SPSmartConfig.m in Sources */ = {isa = PBXBuildFile; fileRef = CF09904A20E5426C00A4B3E6 /* SPSmartConfig.m */; };
		CF09905620E5426C00A4B3E6 /* SPSmartCellRowModel.m in Sources */ = {isa = PBXBuildFile; fileRef = CF09904E20E5426C00A4B3E6 /* SPSmartCellRowModel.m */; };
		CF09905720E5426C00A4B3E6 /* SPSmartCellSectionModel.m in Sources */ = {isa = PBXBuildFile; fileRef = CF09904F20E5426C00A4B3E6 /* SPSmartCellSectionModel.m */; };
		CF09905920E542A700A4B3E6 /* SPSmartTable.h in Headers */ = {isa = PBXBuildFile; fileRef = CF09904520E5426C00A4B3E6 /* SPSmartTable.h */; settings = {ATTRIBUTES = (Public, ); }; };
		CF09905A20E542A700A4B3E6 /* SPSmartConfig.h in Headers */ = {isa = PBXBuildFile; fileRef = CF09904B20E5426C00A4B3E6 /* SPSmartConfig.h */; settings = {ATTRIBUTES = (Public, ); }; };
		CF09905B20E542A700A4B3E6 /* SPSmartCellSectionModel.h in Headers */ = {isa = PBXBuildFile; fileRef = CF09904D20E5426C00A4B3E6 /* SPSmartCellSectionModel.h */; settings = {ATTRIBUTES = (Public, ); }; };
		CF09905C20E542A700A4B3E6 /* SPSmartCellRowModel.h in Headers */ = {isa = PBXBuildFile; fileRef = CF09905020E5426C00A4B3E6 /* SPSmartCellRowModel.h */; settings = {ATTRIBUTES = (Public, ); }; };
		CF09905D20E542A700A4B3E6 /* NSObject+Helper.h in Headers */ = {isa = PBXBuildFile; fileRef = CF09904320E5426C00A4B3E6 /* NSObject+Helper.h */; settings = {ATTRIBUTES = (Public, ); }; };
		CF09905E20E542A700A4B3E6 /* SPSmartTableViewCell.h in Headers */ = {isa = PBXBuildFile; fileRef = CF09904820E5426C00A4B3E6 /* SPSmartTableViewCell.h */; settings = {ATTRIBUTES = (Public, ); }; };
		CF09905F20E542C100A4B3E6 /* SPSmartTable.m in Sources */ = {isa = PBXBuildFile; fileRef = CF09904020E5426C00A4B3E6 /* SPSmartTable.m */; };
		CF09906020E542C100A4B3E6 /* SPSmartConfig.m in Sources */ = {isa = PBXBuildFile; fileRef = CF09904A20E5426C00A4B3E6 /* SPSmartConfig.m */; };
		CF09906120E542C100A4B3E6 /* SPSmartCellRowModel.m in Sources */ = {isa = PBXBuildFile; fileRef = CF09904E20E5426C00A4B3E6 /* SPSmartCellRowModel.m */; };
		CF09906220E542C100A4B3E6 /* SPSmartCellSectionModel.m in Sources */ = {isa = PBXBuildFile; fileRef = CF09904F20E5426C00A4B3E6 /* SPSmartCellSectionModel.m */; };
		CF09906320E542C100A4B3E6 /* NSObject+Helper.m in Sources */ = {isa = PBXBuildFile; fileRef = CF09904420E5426C00A4B3E6 /* NSObject+Helper.m */; };
		CF09906420E542C100A4B3E6 /* SPSmartTableViewCell.m in Sources */ = {isa = PBXBuildFile; fileRef = CF09904720E5426C00A4B3E6 /* SPSmartTableViewCell.m */; };
		CF09906520E542D100A4B3E6 /* PropertyForKeyPathRules.plist in Resources */ = {isa = PBXBuildFile; fileRef = CF09904220E5426C00A4B3E6 /* PropertyForKeyPathRules.plist */; };
/* End PBXBuildFile section */

/* Begin PBXContainerItemProxy section */
		CF09901F20E541ED00A4B3E6 /* PBXContainerItemProxy */ = {
			isa = PBXContainerItemProxy;
			containerPortal = CF098FFE20E541EB00A4B3E6 /* Project object */;
			proxyType = 1;
			remoteGlobalIDString = CF09900520E541EB00A4B3E6;
			remoteInfo = SPSmartTable;
		};
		CF09903720E5421800A4B3E6 /* PBXContainerItemProxy */ = {
			isa = PBXContainerItemProxy;
			containerPortal = CF098FFE20E541EB00A4B3E6 /* Project object */;
			proxyType = 1;
			remoteGlobalIDString = CF09903120E5421700A4B3E6;
			remoteInfo = SPSmartTableFramework;
		};
/* End PBXContainerItemProxy section */

/* Begin PBXCopyFilesBuildPhase section */
		CF09903E20E5421800A4B3E6 /* Embed Frameworks */ = {
			isa = PBXCopyFilesBuildPhase;
			buildActionMask = 2147483647;
			dstPath = "";
			dstSubfolderSpec = 10;
			files = (
				CF09903A20E5421800A4B3E6 /* SPSmartTableFramework.framework in Embed Frameworks */,
			);
			name = "Embed Frameworks";
			runOnlyForDeploymentPostprocessing = 0;
		};
/* End PBXCopyFilesBuildPhase section */

/* Begin PBXFileReference section */
		CF09900620E541EB00A4B3E6 /* SPSmartTable.app */ = {isa = PBXFileReference; explicitFileType = wrapper.application; includeInIndex = 0; path = SPSmartTable.app; sourceTree = BUILT_PRODUCTS_DIR; };
		CF09900920E541EB00A4B3E6 /* AppDelegate.h */ = {isa = PBXFileReference; lastKnownFileType = sourcecode.c.h; path = AppDelegate.h; sourceTree = "<group>"; };
		CF09900A20E541EB00A4B3E6 /* AppDelegate.m */ = {isa = PBXFileReference; lastKnownFileType = sourcecode.c.objc; path = AppDelegate.m; sourceTree = "<group>"; };
		CF09900C20E541EB00A4B3E6 /* ViewController.h */ = {isa = PBXFileReference; lastKnownFileType = sourcecode.c.h; path = ViewController.h; sourceTree = "<group>"; };
		CF09900D20E541EB00A4B3E6 /* ViewController.m */ = {isa = PBXFileReference; lastKnownFileType = sourcecode.c.objc; path = ViewController.m; sourceTree = "<group>"; };
		CF09901020E541EB00A4B3E6 /* Base */ = {isa = PBXFileReference; lastKnownFileType = file.storyboard; name = Base; path = Base.lproj/Main.storyboard; sourceTree = "<group>"; };
		CF09901220E541ED00A4B3E6 /* Assets.xcassets */ = {isa = PBXFileReference; lastKnownFileType = folder.assetcatalog; path = Assets.xcassets; sourceTree = "<group>"; };
		CF09901520E541ED00A4B3E6 /* Base */ = {isa = PBXFileReference; lastKnownFileType = file.storyboard; name = Base; path = Base.lproj/LaunchScreen.storyboard; sourceTree = "<group>"; };
		CF09901720E541ED00A4B3E6 /* Info.plist */ = {isa = PBXFileReference; lastKnownFileType = text.plist.xml; path = Info.plist; sourceTree = "<group>"; };
		CF09901820E541ED00A4B3E6 /* main.m */ = {isa = PBXFileReference; lastKnownFileType = sourcecode.c.objc; path = main.m; sourceTree = "<group>"; };
		CF09901E20E541ED00A4B3E6 /* SPSmartTableUITests.xctest */ = {isa = PBXFileReference; explicitFileType = wrapper.cfbundle; includeInIndex = 0; path = SPSmartTableUITests.xctest; sourceTree = BUILT_PRODUCTS_DIR; };
		CF09902220E541ED00A4B3E6 /* SPSmartTableUITests.m */ = {isa = PBXFileReference; lastKnownFileType = sourcecode.c.objc; path = SPSmartTableUITests.m; sourceTree = "<group>"; };
		CF09902420E541ED00A4B3E6 /* Info.plist */ = {isa = PBXFileReference; lastKnownFileType = text.plist.xml; path = Info.plist; sourceTree = "<group>"; };
		CF09903220E5421700A4B3E6 /* SPSmartTableFramework.framework */ = {isa = PBXFileReference; explicitFileType = wrapper.framework; includeInIndex = 0; path = SPSmartTableFramework.framework; sourceTree = BUILT_PRODUCTS_DIR; };
		CF09903420E5421700A4B3E6 /* SPSmartTableFramework.h */ = {isa = PBXFileReference; lastKnownFileType = sourcecode.c.h; path = SPSmartTableFramework.h; sourceTree = "<group>"; };
		CF09903520E5421800A4B3E6 /* Info.plist */ = {isa = PBXFileReference; lastKnownFileType = text.plist.xml; path = Info.plist; sourceTree = "<group>"; };
		CF09904020E5426C00A4B3E6 /* SPSmartTable.m */ = {isa = PBXFileReference; fileEncoding = 4; lastKnownFileType = sourcecode.c.objc; path = SPSmartTable.m; sourceTree = "<group>"; };
		CF09904220E5426C00A4B3E6 /* PropertyForKeyPathRules.plist */ = {isa = PBXFileReference; fileEncoding = 4; lastKnownFileType = text.plist.xml; path = PropertyForKeyPathRules.plist; sourceTree = "<group>"; };
		CF09904320E5426C00A4B3E6 /* NSObject+Helper.h */ = {isa = PBXFileReference; fileEncoding = 4; lastKnownFileType = sourcecode.c.h; path = "NSObject+Helper.h"; sourceTree = "<group>"; };
		CF09904420E5426C00A4B3E6 /* NSObject+Helper.m */ = {isa = PBXFileReference; fileEncoding = 4; lastKnownFileType = sourcecode.c.objc; path = "NSObject+Helper.m"; sourceTree = "<group>"; };
		CF09904520E5426C00A4B3E6 /* SPSmartTable.h */ = {isa = PBXFileReference; fileEncoding = 4; lastKnownFileType = sourcecode.c.h; path = SPSmartTable.h; sourceTree = "<group>"; };
		CF09904720E5426C00A4B3E6 /* SPSmartTableViewCell.m */ = {isa = PBXFileReference; fileEncoding = 4; lastKnownFileType = sourcecode.c.objc; path = SPSmartTableViewCell.m; sourceTree = "<group>"; };
		CF09904820E5426C00A4B3E6 /* SPSmartTableViewCell.h */ = {isa = PBXFileReference; fileEncoding = 4; lastKnownFileType = sourcecode.c.h; path = SPSmartTableViewCell.h; sourceTree = "<group>"; };
		CF09904A20E5426C00A4B3E6 /* SPSmartConfig.m */ = {isa = PBXFileReference; fileEncoding = 4; lastKnownFileType = sourcecode.c.objc; path = SPSmartConfig.m; sourceTree = "<group>"; };
		CF09904B20E5426C00A4B3E6 /* SPSmartConfig.h */ = {isa = PBXFileReference; fileEncoding = 4; lastKnownFileType = sourcecode.c.h; path = SPSmartConfig.h; sourceTree = "<group>"; };
		CF09904D20E5426C00A4B3E6 /* SPSmartCellSectionModel.h */ = {isa = PBXFileReference; fileEncoding = 4; lastKnownFileType = sourcecode.c.h; path = SPSmartCellSectionModel.h; sourceTree = "<group>"; };
		CF09904E20E5426C00A4B3E6 /* SPSmartCellRowModel.m */ = {isa = PBXFileReference; fileEncoding = 4; lastKnownFileType = sourcecode.c.objc; path = SPSmartCellRowModel.m; sourceTree = "<group>"; };
		CF09904F20E5426C00A4B3E6 /* SPSmartCellSectionModel.m */ = {isa = PBXFileReference; fileEncoding = 4; lastKnownFileType = sourcecode.c.objc; path = SPSmartCellSectionModel.m; sourceTree = "<group>"; };
		CF09905020E5426C00A4B3E6 /* SPSmartCellRowModel.h */ = {isa = PBXFileReference; fileEncoding = 4; lastKnownFileType = sourcecode.c.h; path = SPSmartCellRowModel.h; sourceTree = "<group>"; };
/* End PBXFileReference section */

/* Begin PBXFrameworksBuildPhase section */
		CF09900320E541EB00A4B3E6 /* Frameworks */ = {
			isa = PBXFrameworksBuildPhase;
			buildActionMask = 2147483647;
			files = (
				CF09903920E5421800A4B3E6 /* SPSmartTableFramework.framework in Frameworks */,
			);
			runOnlyForDeploymentPostprocessing = 0;
		};
		CF09901B20E541ED00A4B3E6 /* Frameworks */ = {
			isa = PBXFrameworksBuildPhase;
			buildActionMask = 2147483647;
			files = (
			);
			runOnlyForDeploymentPostprocessing = 0;
		};
		CF09902E20E5421700A4B3E6 /* Frameworks */ = {
			isa = PBXFrameworksBuildPhase;
			buildActionMask = 2147483647;
			files = (
			);
			runOnlyForDeploymentPostprocessing = 0;
		};
/* End PBXFrameworksBuildPhase section */

/* Begin PBXGroup section */
		CF098FFD20E541EB00A4B3E6 = {
			isa = PBXGroup;
			children = (
				CF09900820E541EB00A4B3E6 /* SPSmartTable */,
				CF09902120E541ED00A4B3E6 /* SPSmartTableUITests */,
				CF09903320E5421700A4B3E6 /* SPSmartTableFramework */,
				CF09900720E541EB00A4B3E6 /* Products */,
			);
			sourceTree = "<group>";
		};
		CF09900720E541EB00A4B3E6 /* Products */ = {
			isa = PBXGroup;
			children = (
				CF09900620E541EB00A4B3E6 /* SPSmartTable.app */,
				CF09901E20E541ED00A4B3E6 /* SPSmartTableUITests.xctest */,
				CF09903220E5421700A4B3E6 /* SPSmartTableFramework.framework */,
			);
			name = Products;
			sourceTree = "<group>";
		};
		CF09900820E541EB00A4B3E6 /* SPSmartTable */ = {
			isa = PBXGroup;
			children = (
				CF09903F20E5424B00A4B3E6 /* SmartTable */,
				CF09900920E541EB00A4B3E6 /* AppDelegate.h */,
				CF09900A20E541EB00A4B3E6 /* AppDelegate.m */,
				CF09900C20E541EB00A4B3E6 /* ViewController.h */,
				CF09900D20E541EB00A4B3E6 /* ViewController.m */,
				CF09900F20E541EB00A4B3E6 /* Main.storyboard */,
				CF09901220E541ED00A4B3E6 /* Assets.xcassets */,
				CF09901420E541ED00A4B3E6 /* LaunchScreen.storyboard */,
				CF09901720E541ED00A4B3E6 /* Info.plist */,
				CF09901820E541ED00A4B3E6 /* main.m */,
			);
			path = SPSmartTable;
			sourceTree = "<group>";
		};
		CF09902120E541ED00A4B3E6 /* SPSmartTableUITests */ = {
			isa = PBXGroup;
			children = (
				CF09902220E541ED00A4B3E6 /* SPSmartTableUITests.m */,
				CF09902420E541ED00A4B3E6 /* Info.plist */,
			);
			path = SPSmartTableUITests;
			sourceTree = "<group>";
		};
		CF09903320E5421700A4B3E6 /* SPSmartTableFramework */ = {
			isa = PBXGroup;
			children = (
				CF09903420E5421700A4B3E6 /* SPSmartTableFramework.h */,
				CF09903520E5421800A4B3E6 /* Info.plist */,
			);
			path = SPSmartTableFramework;
			sourceTree = "<group>";
		};
		CF09903F20E5424B00A4B3E6 /* SmartTable */ = {
			isa = PBXGroup;
			children = (
				CF09905820E5427E00A4B3E6 /* Table */,
				CF09904920E5426C00A4B3E6 /* Configs */,
				CF09904C20E5426C00A4B3E6 /* Model */,
				CF09904120E5426C00A4B3E6 /* Tools */,
				CF09904620E5426C00A4B3E6 /* View */,
			);
			path = SmartTable;
			sourceTree = "<group>";
		};
		CF09904120E5426C00A4B3E6 /* Tools */ = {
			isa = PBXGroup;
			children = (
				CF09904220E5426C00A4B3E6 /* PropertyForKeyPathRules.plist */,
				CF09904320E5426C00A4B3E6 /* NSObject+Helper.h */,
				CF09904420E5426C00A4B3E6 /* NSObject+Helper.m */,
			);
			path = Tools;
			sourceTree = "<group>";
		};
		CF09904620E5426C00A4B3E6 /* View */ = {
			isa = PBXGroup;
			children = (
				CF09904720E5426C00A4B3E6 /* SPSmartTableViewCell.m */,
				CF09904820E5426C00A4B3E6 /* SPSmartTableViewCell.h */,
			);
			path = View;
			sourceTree = "<group>";
		};
		CF09904920E5426C00A4B3E6 /* Configs */ = {
			isa = PBXGroup;
			children = (
				CF09904A20E5426C00A4B3E6 /* SPSmartConfig.m */,
				CF09904B20E5426C00A4B3E6 /* SPSmartConfig.h */,
			);
			path = Configs;
			sourceTree = "<group>";
		};
		CF09904C20E5426C00A4B3E6 /* Model */ = {
			isa = PBXGroup;
			children = (
				CF09904D20E5426C00A4B3E6 /* SPSmartCellSectionModel.h */,
				CF09904E20E5426C00A4B3E6 /* SPSmartCellRowModel.m */,
				CF09904F20E5426C00A4B3E6 /* SPSmartCellSectionModel.m */,
				CF09905020E5426C00A4B3E6 /* SPSmartCellRowModel.h */,
			);
			path = Model;
			sourceTree = "<group>";
		};
		CF09905820E5427E00A4B3E6 /* Table */ = {
			isa = PBXGroup;
			children = (
				CF09904520E5426C00A4B3E6 /* SPSmartTable.h */,
				CF09904020E5426C00A4B3E6 /* SPSmartTable.m */,
			);
			path = Table;
			sourceTree = "<group>";
		};
/* End PBXGroup section */

/* Begin PBXHeadersBuildPhase section */
		CF09902F20E5421700A4B3E6 /* Headers */ = {
			isa = PBXHeadersBuildPhase;
			buildActionMask = 2147483647;
			files = (
				CF09903620E5421800A4B3E6 /* SPSmartTableFramework.h in Headers */,
				CF09905920E542A700A4B3E6 /* SPSmartTable.h in Headers */,
				CF09905A20E542A700A4B3E6 /* SPSmartConfig.h in Headers */,
				CF09905B20E542A700A4B3E6 /* SPSmartCellSectionModel.h in Headers */,
				CF09905C20E542A700A4B3E6 /* SPSmartCellRowModel.h in Headers */,
				CF09905D20E542A700A4B3E6 /* NSObject+Helper.h in Headers */,
				CF09905E20E542A700A4B3E6 /* SPSmartTableViewCell.h in Headers */,
			);
			runOnlyForDeploymentPostprocessing = 0;
		};
/* End PBXHeadersBuildPhase section */

/* Begin PBXNativeTarget section */
		CF09900520E541EB00A4B3E6 /* SPSmartTable */ = {
			isa = PBXNativeTarget;
			buildConfigurationList = CF09902720E541ED00A4B3E6 /* Build configuration list for PBXNativeTarget "SPSmartTable" */;
			buildPhases = (
				CF09900220E541EB00A4B3E6 /* Sources */,
				CF09900320E541EB00A4B3E6 /* Frameworks */,
				CF09900420E541EB00A4B3E6 /* Resources */,
				CF09903E20E5421800A4B3E6 /* Embed Frameworks */,
			);
			buildRules = (
			);
			dependencies = (
				CF09903820E5421800A4B3E6 /* PBXTargetDependency */,
			);
			name = SPSmartTable;
			productName = SPSmartTable;
			productReference = CF09900620E541EB00A4B3E6 /* SPSmartTable.app */;
			productType = "com.apple.product-type.application";
		};
		CF09901D20E541ED00A4B3E6 /* SPSmartTableUITests */ = {
			isa = PBXNativeTarget;
			buildConfigurationList = CF09902A20E541ED00A4B3E6 /* Build configuration list for PBXNativeTarget "SPSmartTableUITests" */;
			buildPhases = (
				CF09901A20E541ED00A4B3E6 /* Sources */,
				CF09901B20E541ED00A4B3E6 /* Frameworks */,
				CF09901C20E541ED00A4B3E6 /* Resources */,
			);
			buildRules = (
			);
			dependencies = (
				CF09902020E541ED00A4B3E6 /* PBXTargetDependency */,
			);
			name = SPSmartTableUITests;
			productName = SPSmartTableUITests;
			productReference = CF09901E20E541ED00A4B3E6 /* SPSmartTableUITests.xctest */;
			productType = "com.apple.product-type.bundle.ui-testing";
		};
		CF09903120E5421700A4B3E6 /* SPSmartTableFramework */ = {
			isa = PBXNativeTarget;
			buildConfigurationList = CF09903B20E5421800A4B3E6 /* Build configuration list for PBXNativeTarget "SPSmartTableFramework" */;
			buildPhases = (
				CF09902D20E5421700A4B3E6 /* Sources */,
				CF09902E20E5421700A4B3E6 /* Frameworks */,
				CF09902F20E5421700A4B3E6 /* Headers */,
				CF09903020E5421700A4B3E6 /* Resources */,
			);
			buildRules = (
			);
			dependencies = (
			);
			name = SPSmartTableFramework;
			productName = SPSmartTableFramework;
			productReference = CF09903220E5421700A4B3E6 /* SPSmartTableFramework.framework */;
			productType = "com.apple.product-type.framework";
		};
/* End PBXNativeTarget section */

/* Begin PBXProject section */
		CF098FFE20E541EB00A4B3E6 /* Project object */ = {
			isa = PBXProject;
			attributes = {
				LastUpgradeCheck = 0940;
				ORGANIZATIONNAME = supan;
				TargetAttributes = {
					CF09900520E541EB00A4B3E6 = {
						CreatedOnToolsVersion = 9.4.1;
					};
					CF09901D20E541ED00A4B3E6 = {
						CreatedOnToolsVersion = 9.4.1;
						TestTargetID = CF09900520E541EB00A4B3E6;
					};
					CF09903120E5421700A4B3E6 = {
						CreatedOnToolsVersion = 9.4.1;
					};
				};
			};
			buildConfigurationList = CF09900120E541EB00A4B3E6 /* Build configuration list for PBXProject "SPSmartTable" */;
			compatibilityVersion = "Xcode 9.3";
			developmentRegion = en;
			hasScannedForEncodings = 0;
			knownRegions = (
				en,
				Base,
			);
			mainGroup = CF098FFD20E541EB00A4B3E6;
			productRefGroup = CF09900720E541EB00A4B3E6 /* Products */;
			projectDirPath = "";
			projectRoot = "";
			targets = (
				CF09900520E541EB00A4B3E6 /* SPSmartTable */,
				CF09901D20E541ED00A4B3E6 /* SPSmartTableUITests */,
				CF09903120E5421700A4B3E6 /* SPSmartTableFramework */,
			);
		};
/* End PBXProject section */

/* Begin PBXResourcesBuildPhase section */
		CF09900420E541EB00A4B3E6 /* Resources */ = {
			isa = PBXResourcesBuildPhase;
			buildActionMask = 2147483647;
			files = (
				CF09905220E5426C00A4B3E6 /* PropertyForKeyPathRules.plist in Resources */,
				CF09901620E541ED00A4B3E6 /* LaunchScreen.storyboard in Resources */,
				CF09901320E541ED00A4B3E6 /* Assets.xcassets in Resources */,
				CF09901120E541EB00A4B3E6 /* Main.storyboard in Resources */,
			);
			runOnlyForDeploymentPostprocessing = 0;
		};
		CF09901C20E541ED00A4B3E6 /* Resources */ = {
			isa = PBXResourcesBuildPhase;
			buildActionMask = 2147483647;
			files = (
			);
			runOnlyForDeploymentPostprocessing = 0;
		};
		CF09903020E5421700A4B3E6 /* Resources */ = {
			isa = PBXResourcesBuildPhase;
			buildActionMask = 2147483647;
			files = (
				CF09906520E542D100A4B3E6 /* PropertyForKeyPathRules.plist in Resources */,
			);
			runOnlyForDeploymentPostprocessing = 0;
		};
/* End PBXResourcesBuildPhase section */

/* Begin PBXSourcesBuildPhase section */
		CF09900220E541EB00A4B3E6 /* Sources */ = {
			isa = PBXSourcesBuildPhase;
			buildActionMask = 2147483647;
			files = (
				CF09900E20E541EB00A4B3E6 /* ViewController.m in Sources */,
				CF09905720E5426C00A4B3E6 /* SPSmartCellSectionModel.m in Sources */,
				CF09905320E5426C00A4B3E6 /* NSObject+Helper.m in Sources */,
				CF09905520E5426C00A4B3E6 /* SPSmartConfig.m in Sources */,
				CF09905620E5426C00A4B3E6 /* SPSmartCellRowModel.m in Sources */,
				CF09905420E5426C00A4B3E6 /* SPSmartTableViewCell.m in Sources */,
				CF09901920E541ED00A4B3E6 /* main.m in Sources */,
				CF09900B20E541EB00A4B3E6 /* AppDelegate.m in Sources */,
				CF09905120E5426C00A4B3E6 /* SPSmartTable.m in Sources */,
			);
			runOnlyForDeploymentPostprocessing = 0;
		};
		CF09901A20E541ED00A4B3E6 /* Sources */ = {
			isa = PBXSourcesBuildPhase;
			buildActionMask = 2147483647;
			files = (
				CF09902320E541ED00A4B3E6 /* SPSmartTableUITests.m in Sources */,
			);
			runOnlyForDeploymentPostprocessing = 0;
		};
		CF09902D20E5421700A4B3E6 /* Sources */ = {
			isa = PBXSourcesBuildPhase;
			buildActionMask = 2147483647;
			files = (
				CF09905F20E542C100A4B3E6 /* SPSmartTable.m in Sources */,
				CF09906020E542C100A4B3E6 /* SPSmartConfig.m in Sources */,
				CF09906120E542C100A4B3E6 /* SPSmartCellRowModel.m in Sources */,
				CF09906220E542C100A4B3E6 /* SPSmartCellSectionModel.m in Sources */,
				CF09906320E542C100A4B3E6 /* NSObject+Helper.m in Sources */,
				CF09906420E542C100A4B3E6 /* SPSmartTableViewCell.m in Sources */,
			);
			runOnlyForDeploymentPostprocessing = 0;
		};
/* End PBXSourcesBuildPhase section */

/* Begin PBXTargetDependency section */
		CF09902020E541ED00A4B3E6 /* PBXTargetDependency */ = {
			isa = PBXTargetDependency;
			target = CF09900520E541EB00A4B3E6 /* SPSmartTable */;
			targetProxy = CF09901F20E541ED00A4B3E6 /* PBXContainerItemProxy */;
		};
		CF09903820E5421800A4B3E6 /* PBXTargetDependency */ = {
			isa = PBXTargetDependency;
			target = CF09903120E5421700A4B3E6 /* SPSmartTableFramework */;
			targetProxy = CF09903720E5421800A4B3E6 /* PBXContainerItemProxy */;
		};
/* End PBXTargetDependency section */

/* Begin PBXVariantGroup section */
		CF09900F20E541EB00A4B3E6 /* Main.storyboard */ = {
			isa = PBXVariantGroup;
			children = (
				CF09901020E541EB00A4B3E6 /* Base */,
			);
			name = Main.storyboard;
			sourceTree = "<group>";
		};
		CF09901420E541ED00A4B3E6 /* LaunchScreen.storyboard */ = {
			isa = PBXVariantGroup;
			children = (
				CF09901520E541ED00A4B3E6 /* Base */,
			);
			name = LaunchScreen.storyboard;
			sourceTree = "<group>";
		};
/* End PBXVariantGroup section */

/* Begin XCBuildConfiguration section */
		CF09902520E541ED00A4B3E6 /* Debug */ = {
			isa = XCBuildConfiguration;
			buildSettings = {
				ALWAYS_SEARCH_USER_PATHS = NO;
				CLANG_ANALYZER_NONNULL = YES;
				CLANG_ANALYZER_NUMBER_OBJECT_CONVERSION = YES_AGGRESSIVE;
				CLANG_CXX_LANGUAGE_STANDARD = "gnu++14";
				CLANG_CXX_LIBRARY = "libc++";
				CLANG_ENABLE_MODULES = YES;
				CLANG_ENABLE_OBJC_ARC = YES;
				CLANG_ENABLE_OBJC_WEAK = YES;
				CLANG_WARN_BLOCK_CAPTURE_AUTORELEASING = YES;
				CLANG_WARN_BOOL_CONVERSION = YES;
				CLANG_WARN_COMMA = YES;
				CLANG_WARN_CONSTANT_CONVERSION = YES;
				CLANG_WARN_DEPRECATED_OBJC_IMPLEMENTATIONS = YES;
				CLANG_WARN_DIRECT_OBJC_ISA_USAGE = YES_ERROR;
				CLANG_WARN_DOCUMENTATION_COMMENTS = YES;
				CLANG_WARN_EMPTY_BODY = YES;
				CLANG_WARN_ENUM_CONVERSION = YES;
				CLANG_WARN_INFINITE_RECURSION = YES;
				CLANG_WARN_INT_CONVERSION = YES;
				CLANG_WARN_NON_LITERAL_NULL_CONVERSION = YES;
				CLANG_WARN_OBJC_IMPLICIT_RETAIN_SELF = YES;
				CLANG_WARN_OBJC_LITERAL_CONVERSION = YES;
				CLANG_WARN_OBJC_ROOT_CLASS = YES_ERROR;
				CLANG_WARN_RANGE_LOOP_ANALYSIS = YES;
				CLANG_WARN_STRICT_PROTOTYPES = YES;
				CLANG_WARN_SUSPICIOUS_MOVE = YES;
				CLANG_WARN_UNGUARDED_AVAILABILITY = YES_AGGRESSIVE;
				CLANG_WARN_UNREACHABLE_CODE = YES;
				CLANG_WARN__DUPLICATE_METHOD_MATCH = YES;
				CODE_SIGN_IDENTITY = "iPhone Developer";
				COPY_PHASE_STRIP = NO;
				DEBUG_INFORMATION_FORMAT = dwarf;
				ENABLE_STRICT_OBJC_MSGSEND = YES;
				ENABLE_TESTABILITY = YES;
				GCC_C_LANGUAGE_STANDARD = gnu11;
				GCC_DYNAMIC_NO_PIC = NO;
				GCC_NO_COMMON_BLOCKS = YES;
				GCC_OPTIMIZATION_LEVEL = 0;
				GCC_PREPROCESSOR_DEFINITIONS = (
					"DEBUG=1",
					"$(inherited)",
				);
				GCC_WARN_64_TO_32_BIT_CONVERSION = YES;
				GCC_WARN_ABOUT_RETURN_TYPE = YES_ERROR;
				GCC_WARN_UNDECLARED_SELECTOR = YES;
				GCC_WARN_UNINITIALIZED_AUTOS = YES_AGGRESSIVE;
				GCC_WARN_UNUSED_FUNCTION = YES;
				GCC_WARN_UNUSED_VARIABLE = YES;
				IPHONEOS_DEPLOYMENT_TARGET = 11.4;
				MTL_ENABLE_DEBUG_INFO = YES;
				ONLY_ACTIVE_ARCH = YES;
				SDKROOT = iphoneos;
			};
			name = Debug;
		};
		CF09902620E541ED00A4B3E6 /* Release */ = {
			isa = XCBuildConfiguration;
			buildSettings = {
				ALWAYS_SEARCH_USER_PATHS = NO;
				CLANG_ANALYZER_NONNULL = YES;
				CLANG_ANALYZER_NUMBER_OBJECT_CONVERSION = YES_AGGRESSIVE;
				CLANG_CXX_LANGUAGE_STANDARD = "gnu++14";
				CLANG_CXX_LIBRARY = "libc++";
				CLANG_ENABLE_MODULES = YES;
				CLANG_ENABLE_OBJC_ARC = YES;
				CLANG_ENABLE_OBJC_WEAK = YES;
				CLANG_WARN_BLOCK_CAPTURE_AUTORELEASING = YES;
				CLANG_WARN_BOOL_CONVERSION = YES;
				CLANG_WARN_COMMA = YES;
				CLANG_WARN_CONSTANT_CONVERSION = YES;
				CLANG_WARN_DEPRECATED_OBJC_IMPLEMENTATIONS = YES;
				CLANG_WARN_DIRECT_OBJC_ISA_USAGE = YES_ERROR;
				CLANG_WARN_DOCUMENTATION_COMMENTS = YES;
				CLANG_WARN_EMPTY_BODY = YES;
				CLANG_WARN_ENUM_CONVERSION = YES;
				CLANG_WARN_INFINITE_RECURSION = YES;
				CLANG_WARN_INT_CONVERSION = YES;
				CLANG_WARN_NON_LITERAL_NULL_CONVERSION = YES;
				CLANG_WARN_OBJC_IMPLICIT_RETAIN_SELF = YES;
				CLANG_WARN_OBJC_LITERAL_CONVERSION = YES;
				CLANG_WARN_OBJC_ROOT_CLASS = YES_ERROR;
				CLANG_WARN_RANGE_LOOP_ANALYSIS = YES;
				CLANG_WARN_STRICT_PROTOTYPES = YES;
				CLANG_WARN_SUSPICIOUS_MOVE = YES;
				CLANG_WARN_UNGUARDED_AVAILABILITY = YES_AGGRESSIVE;
				CLANG_WARN_UNREACHABLE_CODE = YES;
				CLANG_WARN__DUPLICATE_METHOD_MATCH = YES;
				CODE_SIGN_IDENTITY = "iPhone Developer";
				COPY_PHASE_STRIP = NO;
				DEBUG_INFORMATION_FORMAT = "dwarf-with-dsym";
				ENABLE_NS_ASSERTIONS = NO;
				ENABLE_STRICT_OBJC_MSGSEND = YES;
				GCC_C_LANGUAGE_STANDARD = gnu11;
				GCC_NO_COMMON_BLOCKS = YES;
				GCC_WARN_64_TO_32_BIT_CONVERSION = YES;
				GCC_WARN_ABOUT_RETURN_TYPE = YES_ERROR;
				GCC_WARN_UNDECLARED_SELECTOR = YES;
				GCC_WARN_UNINITIALIZED_AUTOS = YES_AGGRESSIVE;
				GCC_WARN_UNUSED_FUNCTION = YES;
				GCC_WARN_UNUSED_VARIABLE = YES;
				IPHONEOS_DEPLOYMENT_TARGET = 11.4;
				MTL_ENABLE_DEBUG_INFO = NO;
				SDKROOT = iphoneos;
				VALIDATE_PRODUCT = YES;
			};
			name = Release;
		};
		CF09902820E541ED00A4B3E6 /* Debug */ = {
			isa = XCBuildConfiguration;
			buildSettings = {
				ASSETCATALOG_COMPILER_APPICON_NAME = AppIcon;
				CODE_SIGN_STYLE = Automatic;
				DEVELOPMENT_TEAM = J87CN7373S;
				INFOPLIST_FILE = SPSmartTable/Info.plist;
				LD_RUNPATH_SEARCH_PATHS = (
					"$(inherited)",
					"@executable_path/Frameworks",
				);
				PRODUCT_BUNDLE_IDENTIFIER = com.sp.SPSmartTable;
				PRODUCT_NAME = "$(TARGET_NAME)";
				TARGETED_DEVICE_FAMILY = "1,2";
			};
			name = Debug;
		};
		CF09902920E541ED00A4B3E6 /* Release */ = {
			isa = XCBuildConfiguration;
			buildSettings = {
				ASSETCATALOG_COMPILER_APPICON_NAME = AppIcon;
				CODE_SIGN_STYLE = Automatic;
				DEVELOPMENT_TEAM = J87CN7373S;
				INFOPLIST_FILE = SPSmartTable/Info.plist;
				LD_RUNPATH_SEARCH_PATHS = (
					"$(inherited)",
					"@executable_path/Frameworks",
				);
				PRODUCT_BUNDLE_IDENTIFIER = com.sp.SPSmartTable;
				PRODUCT_NAME = "$(TARGET_NAME)";
				TARGETED_DEVICE_FAMILY = "1,2";
			};
			name = Release;
		};
		CF09902B20E541ED00A4B3E6 /* Debug */ = {
			isa = XCBuildConfiguration;
			buildSettings = {
				CODE_SIGN_STYLE = Automatic;
				DEVELOPMENT_TEAM = J87CN7373S;
				INFOPLIST_FILE = SPSmartTableUITests/Info.plist;
				LD_RUNPATH_SEARCH_PATHS = (
					"$(inherited)",
					"@executable_path/Frameworks",
					"@loader_path/Frameworks",
				);
				PRODUCT_BUNDLE_IDENTIFIER = com.sp.SPSmartTableUITests;
				PRODUCT_NAME = "$(TARGET_NAME)";
				TARGETED_DEVICE_FAMILY = "1,2";
				TEST_TARGET_NAME = SPSmartTable;
			};
			name = Debug;
		};
		CF09902C20E541ED00A4B3E6 /* Release */ = {
			isa = XCBuildConfiguration;
			buildSettings = {
				CODE_SIGN_STYLE = Automatic;
				DEVELOPMENT_TEAM = J87CN7373S;
				INFOPLIST_FILE = SPSmartTableUITests/Info.plist;
				LD_RUNPATH_SEARCH_PATHS = (
					"$(inherited)",
					"@executable_path/Frameworks",
					"@loader_path/Frameworks",
				);
				PRODUCT_BUNDLE_IDENTIFIER = com.sp.SPSmartTableUITests;
				PRODUCT_NAME = "$(TARGET_NAME)";
				TARGETED_DEVICE_FAMILY = "1,2";
				TEST_TARGET_NAME = SPSmartTable;
			};
			name = Release;
		};
		CF09903C20E5421800A4B3E6 /* Debug */ = {
			isa = XCBuildConfiguration;
			buildSettings = {
				CODE_SIGN_IDENTITY = "";
				CODE_SIGN_STYLE = Automatic;
				CURRENT_PROJECT_VERSION = 1;
				DEFINES_MODULE = YES;
				DEVELOPMENT_TEAM = J87CN7373S;
				DYLIB_COMPATIBILITY_VERSION = 1;
				DYLIB_CURRENT_VERSION = 1;
				DYLIB_INSTALL_NAME_BASE = "@rpath";
				INFOPLIST_FILE = SPSmartTableFramework/Info.plist;
				INSTALL_PATH = "$(LOCAL_LIBRARY_DIR)/Frameworks";
				LD_RUNPATH_SEARCH_PATHS = (
					"$(inherited)",
					"@executable_path/Frameworks",
					"@loader_path/Frameworks",
				);
				OTHER_CFLAGS = "-fembed-bitcode";
				OTHER_LDFLAGS = "-all_load";
				PRODUCT_BUNDLE_IDENTIFIER = com.sp.SPSmartTableFramework;
				PRODUCT_NAME = "$(TARGET_NAME:c99extidentifier)";
				SKIP_INSTALL = YES;
				TARGETED_DEVICE_FAMILY = "1,2";
				VERSIONING_SYSTEM = "apple-generic";
				VERSION_INFO_PREFIX = "";
			};
			name = Debug;
		};
		CF09903D20E5421800A4B3E6 /* Release */ = {
			isa = XCBuildConfiguration;
			buildSettings = {
				CODE_SIGN_IDENTITY = "";
				CODE_SIGN_STYLE = Automatic;
				CURRENT_PROJECT_VERSION = 1;
				DEFINES_MODULE = YES;
				DEVELOPMENT_TEAM = J87CN7373S;
				DYLIB_COMPATIBILITY_VERSION = 1;
				DYLIB_CURRENT_VERSION = 1;
				DYLIB_INSTALL_NAME_BASE = "@rpath";
				INFOPLIST_FILE = SPSmartTableFramework/Info.plist;
				INSTALL_PATH = "$(LOCAL_LIBRARY_DIR)/Frameworks";
				LD_RUNPATH_SEARCH_PATHS = (
					"$(inherited)",
					"@executable_path/Frameworks",
					"@loader_path/Frameworks",
				);
				OTHER_CFLAGS = "-fembed-bitcode";
				OTHER_LDFLAGS = "-all_load";
				PRODUCT_BUNDLE_IDENTIFIER = com.sp.SPSmartTableFramework;
				PRODUCT_NAME = "$(TARGET_NAME:c99extidentifier)";
				SKIP_INSTALL = YES;
				TARGETED_DEVICE_FAMILY = "1,2";
				VERSIONING_SYSTEM = "apple-generic";
				VERSION_INFO_PREFIX = "";
			};
			name = Release;
		};
/* End XCBuildConfiguration section */

/* Begin XCConfigurationList section */
		CF09900120E541EB00A4B3E6 /* Build configuration list for PBXProject "SPSmartTable" */ = {
			isa = XCConfigurationList;
			buildConfigurations = (
				CF09902520E541ED00A4B3E6 /* Debug */,
				CF09902620E541ED00A4B3E6 /* Release */,
			);
			defaultConfigurationIsVisible = 0;
			defaultConfigurationName = Release;
		};
		CF09902720E541ED00A4B3E6 /* Build configuration list for PBXNativeTarget "SPSmartTable" */ = {
			isa = XCConfigurationList;
			buildConfigurations = (
				CF09902820E541ED00A4B3E6 /* Debug */,
				CF09902920E541ED00A4B3E6 /* Release */,
			);
			defaultConfigurationIsVisible = 0;
			defaultConfigurationName = Release;
		};
		CF09902A20E541ED00A4B3E6 /* Build configuration list for PBXNativeTarget "SPSmartTableUITests" */ = {
			isa = XCConfigurationList;
			buildConfigurations = (
				CF09902B20E541ED00A4B3E6 /* Debug */,
				CF09902C20E541ED00A4B3E6 /* Release */,
			);
			defaultConfigurationIsVisible = 0;
			defaultConfigurationName = Release;
		};
		CF09903B20E5421800A4B3E6 /* Build configuration list for PBXNativeTarget "SPSmartTableFramework" */ = {
			isa = XCConfigurationList;
			buildConfigurations = (
				CF09903C20E5421800A4B3E6 /* Debug */,
				CF09903D20E5421800A4B3E6 /* Release */,
			);
			defaultConfigurationIsVisible = 0;
			defaultConfigurationName = Release;
		};
/* End XCConfigurationList section */
	};
	rootObject = CF098FFE20E541EB00A4B3E6 /* Project object */;
}
